// !$*UTF8*$!
{
	archiveVersion = 1;
	classes = {
	};
	objectVersion = 55;
	objects = {

/* Begin PBXBuildFile section */
		227AA6D127CE654400B1CA7A /* AppDelegate.swift in Sources */ = {isa = PBXBuildFile; fileRef = 227AA6D027CE654400B1CA7A /* AppDelegate.swift */; };
		227AA6D327CE654400B1CA7A /* SceneDelegate.swift in Sources */ = {isa = PBXBuildFile; fileRef = 227AA6D227CE654400B1CA7A /* SceneDelegate.swift */; };
		227AA6D527CE654400B1CA7A /* ViewController.swift in Sources */ = {isa = PBXBuildFile; fileRef = 227AA6D427CE654400B1CA7A /* ViewController.swift */; };
		227AA6D827CE654400B1CA7A /* Main.storyboard in Resources */ = {isa = PBXBuildFile; fileRef = 227AA6D627CE654400B1CA7A /* Main.storyboard */; };
		227AA6DA27CE654500B1CA7A /* Assets.xcassets in Resources */ = {isa = PBXBuildFile; fileRef = 227AA6D927CE654500B1CA7A /* Assets.xcassets */; };
		227AA6DD27CE654500B1CA7A /* LaunchScreen.storyboard in Resources */ = {isa = PBXBuildFile; fileRef = 227AA6DB27CE654500B1CA7A /* LaunchScreen.storyboard */; };
		227AA6E827CE671C00B1CA7A /* CityListResponse.swift in Sources */ = {isa = PBXBuildFile; fileRef = 227AA6E727CE671C00B1CA7A /* CityListResponse.swift */; };
		227AA6EA27CE672E00B1CA7A /* CityDetailsResponse.swift in Sources */ = {isa = PBXBuildFile; fileRef = 227AA6E927CE672E00B1CA7A /* CityDetailsResponse.swift */; };
		227AA6EC27CE677D00B1CA7A /* WeatherDetails.swift in Sources */ = {isa = PBXBuildFile; fileRef = 227AA6EB27CE677D00B1CA7A /* WeatherDetails.swift */; };
		227AA6EF27CE67AE00B1CA7A /* ApiEndPoints.swift in Sources */ = {isa = PBXBuildFile; fileRef = 227AA6EE27CE67AE00B1CA7A /* ApiEndPoints.swift */; };
		227AA6F127CE67C400B1CA7A /* ApiConfiguration.swift in Sources */ = {isa = PBXBuildFile; fileRef = 227AA6F027CE67C400B1CA7A /* ApiConfiguration.swift */; };
		227AA6F327CE67D900B1CA7A /* ApiClient.swift in Sources */ = {isa = PBXBuildFile; fileRef = 227AA6F227CE67D900B1CA7A /* ApiClient.swift */; };
		227AA6F627CE67F200B1CA7A /* CityListUseCase.swift in Sources */ = {isa = PBXBuildFile; fileRef = 227AA6F527CE67F200B1CA7A /* CityListUseCase.swift */; };
		227AA6F827CE680100B1CA7A /* CityDetailsUseCase.swift in Sources */ = {isa = PBXBuildFile; fileRef = 227AA6F727CE680100B1CA7A /* CityDetailsUseCase.swift */; };
		8A51560F2E7FD301C026A087 /* Pods_WeatherRx.framework in Frameworks */ = {isa = PBXBuildFile; fileRef = 95C40C9922356E2FAAE4071B /* Pods_WeatherRx.framework */; };
/* End PBXBuildFile section */

/* Begin PBXFileReference section */
		227AA6CD27CE654400B1CA7A /* WeatherRx.app */ = {isa = PBXFileReference; explicitFileType = wrapper.application; includeInIndex = 0; path = WeatherRx.app; sourceTree = BUILT_PRODUCTS_DIR; };
		227AA6D027CE654400B1CA7A /* AppDelegate.swift */ = {isa = PBXFileReference; lastKnownFileType = sourcecode.swift; path = AppDelegate.swift; sourceTree = "<group>"; };
		227AA6D227CE654400B1CA7A /* SceneDelegate.swift */ = {isa = PBXFileReference; lastKnownFileType = sourcecode.swift; path = SceneDelegate.swift; sourceTree = "<group>"; };
		227AA6D427CE654400B1CA7A /* ViewController.swift */ = {isa = PBXFileReference; lastKnownFileType = sourcecode.swift; path = ViewController.swift; sourceTree = "<group>"; };
		227AA6D727CE654400B1CA7A /* Base */ = {isa = PBXFileReference; lastKnownFileType = file.storyboard; name = Base; path = Base.lproj/Main.storyboard; sourceTree = "<group>"; };
		227AA6D927CE654500B1CA7A /* Assets.xcassets */ = {isa = PBXFileReference; lastKnownFileType = folder.assetcatalog; path = Assets.xcassets; sourceTree = "<group>"; };
		227AA6DC27CE654500B1CA7A /* Base */ = {isa = PBXFileReference; lastKnownFileType = file.storyboard; name = Base; path = Base.lproj/LaunchScreen.storyboard; sourceTree = "<group>"; };
		227AA6DE27CE654500B1CA7A /* Info.plist */ = {isa = PBXFileReference; lastKnownFileType = text.plist.xml; path = Info.plist; sourceTree = "<group>"; };
		227AA6E727CE671C00B1CA7A /* CityListResponse.swift */ = {isa = PBXFileReference; lastKnownFileType = sourcecode.swift; path = CityListResponse.swift; sourceTree = "<group>"; };
		227AA6E927CE672E00B1CA7A /* CityDetailsResponse.swift */ = {isa = PBXFileReference; lastKnownFileType = sourcecode.swift; path = CityDetailsResponse.swift; sourceTree = "<group>"; };
		227AA6EB27CE677D00B1CA7A /* WeatherDetails.swift */ = {isa = PBXFileReference; lastKnownFileType = sourcecode.swift; path = WeatherDetails.swift; sourceTree = "<group>"; };
		227AA6EE27CE67AE00B1CA7A /* ApiEndPoints.swift */ = {isa = PBXFileReference; lastKnownFileType = sourcecode.swift; path = ApiEndPoints.swift; sourceTree = "<group>"; };
		227AA6F027CE67C400B1CA7A /* ApiConfiguration.swift */ = {isa = PBXFileReference; lastKnownFileType = sourcecode.swift; path = ApiConfiguration.swift; sourceTree = "<group>"; };
		227AA6F227CE67D900B1CA7A /* ApiClient.swift */ = {isa = PBXFileReference; lastKnownFileType = sourcecode.swift; path = ApiClient.swift; sourceTree = "<group>"; };
		227AA6F527CE67F200B1CA7A /* CityListUseCase.swift */ = {isa = PBXFileReference; lastKnownFileType = sourcecode.swift; path = CityListUseCase.swift; sourceTree = "<group>"; };
		227AA6F727CE680100B1CA7A /* CityDetailsUseCase.swift */ = {isa = PBXFileReference; lastKnownFileType = sourcecode.swift; path = CityDetailsUseCase.swift; sourceTree = "<group>"; };
		5D23E72C99E332726C968E36 /* Pods-WeatherRx.release.xcconfig */ = {isa = PBXFileReference; includeInIndex = 1; lastKnownFileType = text.xcconfig; name = "Pods-WeatherRx.release.xcconfig"; path = "Target Support Files/Pods-WeatherRx/Pods-WeatherRx.release.xcconfig"; sourceTree = "<group>"; };
		95C40C9922356E2FAAE4071B /* Pods_WeatherRx.framework */ = {isa = PBXFileReference; explicitFileType = wrapper.framework; includeInIndex = 0; path = Pods_WeatherRx.framework; sourceTree = BUILT_PRODUCTS_DIR; };
		C6D4783B51CCA7974D458E87 /* Pods-WeatherRx.debug.xcconfig */ = {isa = PBXFileReference; includeInIndex = 1; lastKnownFileType = text.xcconfig; name = "Pods-WeatherRx.debug.xcconfig"; path = "Target Support Files/Pods-WeatherRx/Pods-WeatherRx.debug.xcconfig"; sourceTree = "<group>"; };
/* End PBXFileReference section */

/* Begin PBXFrameworksBuildPhase section */
		227AA6CA27CE654400B1CA7A /* Frameworks */ = {
			isa = PBXFrameworksBuildPhase;
			buildActionMask = 2147483647;
			files = (
				8A51560F2E7FD301C026A087 /* Pods_WeatherRx.framework in Frameworks */,
			);
			runOnlyForDeploymentPostprocessing = 0;
		};
/* End PBXFrameworksBuildPhase section */

/* Begin PBXGroup section */
		227AA6C427CE654400B1CA7A = {
			isa = PBXGroup;
			children = (
				227AA6CF27CE654400B1CA7A /* WeatherRx */,
				227AA6CE27CE654400B1CA7A /* Products */,
				403E22DC815F348E9BBF8883 /* Pods */,
				46FF40EDE8F76551DEF82A7F /* Frameworks */,
			);
			sourceTree = "<group>";
		};
		227AA6CE27CE654400B1CA7A /* Products */ = {
			isa = PBXGroup;
			children = (
				227AA6CD27CE654400B1CA7A /* WeatherRx.app */,
			);
			name = Products;
			sourceTree = "<group>";
		};
		227AA6CF27CE654400B1CA7A /* WeatherRx */ = {
			isa = PBXGroup;
			children = (
				227AA6E427CE66E400B1CA7A /* Data */,
				227AA6F427CE67DC00B1CA7A /* Domain */,
				227AA6ED27CE679600B1CA7A /* Network */,
				227AA6D027CE654400B1CA7A /* AppDelegate.swift */,
				227AA6D227CE654400B1CA7A /* SceneDelegate.swift */,
				227AA6D427CE654400B1CA7A /* ViewController.swift */,
				227AA6D627CE654400B1CA7A /* Main.storyboard */,
				227AA6D927CE654500B1CA7A /* Assets.xcassets */,
				227AA6DB27CE654500B1CA7A /* LaunchScreen.storyboard */,
				227AA6DE27CE654500B1CA7A /* Info.plist */,
			);
			path = WeatherRx;
			sourceTree = "<group>";
		};
		227AA6E427CE66E400B1CA7A /* Data */ = {
			isa = PBXGroup;
			children = (
				227AA6E627CE670200B1CA7A /* Data */,
				227AA6E527CE66F600B1CA7A /* Entities */,
			);
			path = Data;
			sourceTree = "<group>";
		};
		227AA6E527CE66F600B1CA7A /* Entities */ = {
			isa = PBXGroup;
			children = (
				227AA6EB27CE677D00B1CA7A /* WeatherDetails.swift */,
			);
			path = Entities;
			sourceTree = "<group>";
		};
		227AA6E627CE670200B1CA7A /* Data */ = {
			isa = PBXGroup;
			children = (
				227AA6E727CE671C00B1CA7A /* CityListResponse.swift */,
				227AA6E927CE672E00B1CA7A /* CityDetailsResponse.swift */,
			);
			path = Data;
			sourceTree = "<group>";
		};
		227AA6ED27CE679600B1CA7A /* Network */ = {
			isa = PBXGroup;
			children = (
				227AA6EE27CE67AE00B1CA7A /* ApiEndPoints.swift */,
				227AA6F027CE67C400B1CA7A /* ApiConfiguration.swift */,
				227AA6F227CE67D900B1CA7A /* ApiClient.swift */,
			);
			path = Network;
			sourceTree = "<group>";
		};
		227AA6F427CE67DC00B1CA7A /* Domain */ = {
			isa = PBXGroup;
			children = (
				227AA6F527CE67F200B1CA7A /* CityListUseCase.swift */,
				227AA6F727CE680100B1CA7A /* CityDetailsUseCase.swift */,
			);
			path = Domain;
			sourceTree = "<group>";
		};
		403E22DC815F348E9BBF8883 /* Pods */ = {
			isa = PBXGroup;
			children = (
				C6D4783B51CCA7974D458E87 /* Pods-WeatherRx.debug.xcconfig */,
				5D23E72C99E332726C968E36 /* Pods-WeatherRx.release.xcconfig */,
			);
			path = Pods;
			sourceTree = "<group>";
		};
		46FF40EDE8F76551DEF82A7F /* Frameworks */ = {
			isa = PBXGroup;
			children = (
				95C40C9922356E2FAAE4071B /* Pods_WeatherRx.framework */,
			);
			name = Frameworks;
			sourceTree = "<group>";
		};
/* End PBXGroup section */

/* Begin PBXNativeTarget section */
		227AA6CC27CE654400B1CA7A /* WeatherRx */ = {
			isa = PBXNativeTarget;
			buildConfigurationList = 227AA6E127CE654500B1CA7A /* Build configuration list for PBXNativeTarget "WeatherRx" */;
			buildPhases = (
				7A3058D69F8DD4EA7F41F917 /* [CP] Check Pods Manifest.lock */,
				227AA6C927CE654400B1CA7A /* Sources */,
				227AA6CA27CE654400B1CA7A /* Frameworks */,
				227AA6CB27CE654400B1CA7A /* Resources */,
				AE2550DE7658089FBE3DECA2 /* [CP] Embed Pods Frameworks */,
			);
			buildRules = (
			);
			dependencies = (
			);
			name = WeatherRx;
			productName = WeatherRx;
			productReference = 227AA6CD27CE654400B1CA7A /* WeatherRx.app */;
			productType = "com.apple.product-type.application";
		};
/* End PBXNativeTarget section */

/* Begin PBXProject section */
		227AA6C527CE654400B1CA7A /* Project object */ = {
			isa = PBXProject;
			attributes = {
				BuildIndependentTargetsInParallel = 1;
				LastSwiftUpdateCheck = 1320;
				LastUpgradeCheck = 1320;
				TargetAttributes = {
					227AA6CC27CE654400B1CA7A = {
						CreatedOnToolsVersion = 13.2.1;
					};
				};
			};
			buildConfigurationList = 227AA6C827CE654400B1CA7A /* Build configuration list for PBXProject "WeatherRx" */;
			compatibilityVersion = "Xcode 13.0";
			developmentRegion = en;
			hasScannedForEncodings = 0;
			knownRegions = (
				en,
				Base,
			);
			mainGroup = 227AA6C427CE654400B1CA7A;
			productRefGroup = 227AA6CE27CE654400B1CA7A /* Products */;
			projectDirPath = "";
			projectRoot = "";
			targets = (
				227AA6CC27CE654400B1CA7A /* WeatherRx */,
			);
		};
/* End PBXProject section */

/* Begin PBXResourcesBuildPhase section */
		227AA6CB27CE654400B1CA7A /* Resources */ = {
			isa = PBXResourcesBuildPhase;
			buildActionMask = 2147483647;
			files = (
				227AA6DD27CE654500B1CA7A /* LaunchScreen.storyboard in Resources */,
				227AA6DA27CE654500B1CA7A /* Assets.xcassets in Resources */,
				227AA6D827CE654400B1CA7A /* Main.storyboard in Resources */,
			);
			runOnlyForDeploymentPostprocessing = 0;
		};
/* End PBXResourcesBuildPhase section */

/* Begin PBXShellScriptBuildPhase section */
		7A3058D69F8DD4EA7F41F917 /* [CP] Check Pods Manifest.lock */ = {
			isa = PBXShellScriptBuildPhase;
			buildActionMask = 2147483647;
			files = (
			);
			inputFileListPaths = (
			);
			inputPaths = (
				"${PODS_PODFILE_DIR_PATH}/Podfile.lock",
				"${PODS_ROOT}/Manifest.lock",
			);
			name = "[CP] Check Pods Manifest.lock";
			outputFileListPaths = (
			);
			outputPaths = (
				"$(DERIVED_FILE_DIR)/Pods-WeatherRx-checkManifestLockResult.txt",
			);
			runOnlyForDeploymentPostprocessing = 0;
			shellPath = /bin/sh;
			shellScript = "diff \"${PODS_PODFILE_DIR_PATH}/Podfile.lock\" \"${PODS_ROOT}/Manifest.lock\" > /dev/null\nif [ $? != 0 ] ; then\n    # print error to STDERR\n    echo \"error: The sandbox is not in sync with the Podfile.lock. Run 'pod install' or update your CocoaPods installation.\" >&2\n    exit 1\nfi\n# This output is used by Xcode 'outputs' to avoid re-running this script phase.\necho \"SUCCESS\" > \"${SCRIPT_OUTPUT_FILE_0}\"\n";
			showEnvVarsInLog = 0;
		};
		AE2550DE7658089FBE3DECA2 /* [CP] Embed Pods Frameworks */ = {
			isa = PBXShellScriptBuildPhase;
			buildActionMask = 2147483647;
			files = (
			);
			inputFileListPaths = (
				"${PODS_ROOT}/Target Support Files/Pods-WeatherRx/Pods-WeatherRx-frameworks-${CONFIGURATION}-input-files.xcfilelist",
			);
			name = "[CP] Embed Pods Frameworks";
			outputFileListPaths = (
				"${PODS_ROOT}/Target Support Files/Pods-WeatherRx/Pods-WeatherRx-frameworks-${CONFIGURATION}-output-files.xcfilelist",
			);
			runOnlyForDeploymentPostprocessing = 0;
			shellPath = /bin/sh;
			shellScript = "\"${PODS_ROOT}/Target Support Files/Pods-WeatherRx/Pods-WeatherRx-frameworks.sh\"\n";
			showEnvVarsInLog = 0;
		};
/* End PBXShellScriptBuildPhase section */

/* Begin PBXSourcesBuildPhase section */
		227AA6C927CE654400B1CA7A /* Sources */ = {
			isa = PBXSourcesBuildPhase;
			buildActionMask = 2147483647;
			files = (
				227AA6EA27CE672E00B1CA7A /* CityDetailsResponse.swift in Sources */,
				227AA6D527CE654400B1CA7A /* ViewController.swift in Sources */,
				227AA6F627CE67F200B1CA7A /* CityListUseCase.swift in Sources */,
				227AA6F827CE680100B1CA7A /* CityDetailsUseCase.swift in Sources */,
				227AA6F327CE67D900B1CA7A /* ApiClient.swift in Sources */,
				227AA6EF27CE67AE00B1CA7A /* ApiEndPoints.swift in Sources */,
				227AA6F127CE67C400B1CA7A /* ApiConfiguration.swift in Sources */,
				227AA6E827CE671C00B1CA7A /* CityListResponse.swift in Sources */,
				227AA6EC27CE677D00B1CA7A /* WeatherDetails.swift in Sources */,
				227AA6D127CE654400B1CA7A /* AppDelegate.swift in Sources */,
				227AA6D327CE654400B1CA7A /* SceneDelegate.swift in Sources */,
			);
			runOnlyForDeploymentPostprocessing = 0;
		};
/* End PBXSourcesBuildPhase section */

/* Begin PBXVariantGroup section */
		227AA6D627CE654400B1CA7A /* Main.storyboard */ = {
			isa = PBXVariantGroup;
			children = (
				227AA6D727CE654400B1CA7A /* Base */,
			);
			name = Main.storyboard;
			sourceTree = "<group>";
		};
		227AA6DB27CE654500B1CA7A /* LaunchScreen.storyboard */ = {
			isa = PBXVariantGroup;
			children = (
				227AA6DC27CE654500B1CA7A /* Base */,
			);
			name = LaunchScreen.storyboard;
			sourceTree = "<group>";
		};
/* End PBXVariantGroup section */

/* Begin XCBuildConfiguration section */
		227AA6DF27CE654500B1CA7A /* Debug */ = {
			isa = XCBuildConfiguration;
			buildSettings = {
				ALWAYS_SEARCH_USER_PATHS = NO;
				CLANG_ANALYZER_NONNULL = YES;
				CLANG_ANALYZER_NUMBER_OBJECT_CONVERSION = YES_AGGRESSIVE;
				CLANG_CXX_LANGUAGE_STANDARD = "gnu++17";
				CLANG_CXX_LIBRARY = "libc++";
				CLANG_ENABLE_MODULES = YES;
				CLANG_ENABLE_OBJC_ARC = YES;
				CLANG_ENABLE_OBJC_WEAK = YES;
				CLANG_WARN_BLOCK_CAPTURE_AUTORELEASING = YES;
				CLANG_WARN_BOOL_CONVERSION = YES;
				CLANG_WARN_COMMA = YES;
				CLANG_WARN_CONSTANT_CONVERSION = YES;
				CLANG_WARN_DEPRECATED_OBJC_IMPLEMENTATIONS = YES;
				CLANG_WARN_DIRECT_OBJC_ISA_USAGE = YES_ERROR;
				CLANG_WARN_DOCUMENTATION_COMMENTS = YES;
				CLANG_WARN_EMPTY_BODY = YES;
				CLANG_WARN_ENUM_CONVERSION = YES;
				CLANG_WARN_INFINITE_RECURSION = YES;
				CLANG_WARN_INT_CONVERSION = YES;
				CLANG_WARN_NON_LITERAL_NULL_CONVERSION = YES;
				CLANG_WARN_OBJC_IMPLICIT_RETAIN_SELF = YES;
				CLANG_WARN_OBJC_LITERAL_CONVERSION = YES;
				CLANG_WARN_OBJC_ROOT_CLASS = YES_ERROR;
				CLANG_WARN_QUOTED_INCLUDE_IN_FRAMEWORK_HEADER = YES;
				CLANG_WARN_RANGE_LOOP_ANALYSIS = YES;
				CLANG_WARN_STRICT_PROTOTYPES = YES;
				CLANG_WARN_SUSPICIOUS_MOVE = YES;
				CLANG_WARN_UNGUARDED_AVAILABILITY = YES_AGGRESSIVE;
				CLANG_WARN_UNREACHABLE_CODE = YES;
				CLANG_WARN__DUPLICATE_METHOD_MATCH = YES;
				COPY_PHASE_STRIP = NO;
				DEBUG_INFORMATION_FORMAT = dwarf;
				ENABLE_STRICT_OBJC_MSGSEND = YES;
				ENABLE_TESTABILITY = YES;
				GCC_C_LANGUAGE_STANDARD = gnu11;
				GCC_DYNAMIC_NO_PIC = NO;
				GCC_NO_COMMON_BLOCKS = YES;
				GCC_OPTIMIZATION_LEVEL = 0;
				GCC_PREPROCESSOR_DEFINITIONS = (
					"DEBUG=1",
					"$(inherited)",
				);
				GCC_WARN_64_TO_32_BIT_CONVERSION = YES;
				GCC_WARN_ABOUT_RETURN_TYPE = YES_ERROR;
				GCC_WARN_UNDECLARED_SELECTOR = YES;
				GCC_WARN_UNINITIALIZED_AUTOS = YES_AGGRESSIVE;
				GCC_WARN_UNUSED_FUNCTION = YES;
				GCC_WARN_UNUSED_VARIABLE = YES;
				IPHONEOS_DEPLOYMENT_TARGET = 15.2;
				MTL_ENABLE_DEBUG_INFO = INCLUDE_SOURCE;
				MTL_FAST_MATH = YES;
				ONLY_ACTIVE_ARCH = YES;
				SDKROOT = iphoneos;
				SWIFT_ACTIVE_COMPILATION_CONDITIONS = DEBUG;
				SWIFT_OPTIMIZATION_LEVEL = "-Onone";
			};
			name = Debug;
		};
		227AA6E027CE654500B1CA7A /* Release */ = {
			isa = XCBuildConfiguration;
			buildSettings = {
				ALWAYS_SEARCH_USER_PATHS = NO;
				CLANG_ANALYZER_NONNULL = YES;
				CLANG_ANALYZER_NUMBER_OBJECT_CONVERSION = YES_AGGRESSIVE;
				CLANG_CXX_LANGUAGE_STANDARD = "gnu++17";
				CLANG_CXX_LIBRARY = "libc++";
				CLANG_ENABLE_MODULES = YES;
				CLANG_ENABLE_OBJC_ARC = YES;
				CLANG_ENABLE_OBJC_WEAK = YES;
				CLANG_WARN_BLOCK_CAPTURE_AUTORELEASING = YES;
				CLANG_WARN_BOOL_CONVERSION = YES;
				CLANG_WARN_COMMA = YES;
				CLANG_WARN_CONSTANT_CONVERSION = YES;
				CLANG_WARN_DEPRECATED_OBJC_IMPLEMENTATIONS = YES;
				CLANG_WARN_DIRECT_OBJC_ISA_USAGE = YES_ERROR;
				CLANG_WARN_DOCUMENTATION_COMMENTS = YES;
				CLANG_WARN_EMPTY_BODY = YES;
				CLANG_WARN_ENUM_CONVERSION = YES;
				CLANG_WARN_INFINITE_RECURSION = YES;
				CLANG_WARN_INT_CONVERSION = YES;
				CLANG_WARN_NON_LITERAL_NULL_CONVERSION = YES;
				CLANG_WARN_OBJC_IMPLICIT_RETAIN_SELF = YES;
				CLANG_WARN_OBJC_LITERAL_CONVERSION = YES;
				CLANG_WARN_OBJC_ROOT_CLASS = YES_ERROR;
				CLANG_WARN_QUOTED_INCLUDE_IN_FRAMEWORK_HEADER = YES;
				CLANG_WARN_RANGE_LOOP_ANALYSIS = YES;
				CLANG_WARN_STRICT_PROTOTYPES = YES;
				CLANG_WARN_SUSPICIOUS_MOVE = YES;
				CLANG_WARN_UNGUARDED_AVAILABILITY = YES_AGGRESSIVE;
				CLANG_WARN_UNREACHABLE_CODE = YES;
				CLANG_WARN__DUPLICATE_METHOD_MATCH = YES;
				COPY_PHASE_STRIP = NO;
				DEBUG_INFORMATION_FORMAT = "dwarf-with-dsym";
				ENABLE_NS_ASSERTIONS = NO;
				ENABLE_STRICT_OBJC_MSGSEND = YES;
				GCC_C_LANGUAGE_STANDARD = gnu11;
				GCC_NO_COMMON_BLOCKS = YES;
				GCC_WARN_64_TO_32_BIT_CONVERSION = YES;
				GCC_WARN_ABOUT_RETURN_TYPE = YES_ERROR;
				GCC_WARN_UNDECLARED_SELECTOR = YES;
				GCC_WARN_UNINITIALIZED_AUTOS = YES_AGGRESSIVE;
				GCC_WARN_UNUSED_FUNCTION = YES;
				GCC_WARN_UNUSED_VARIABLE = YES;
				IPHONEOS_DEPLOYMENT_TARGET = 15.2;
				MTL_ENABLE_DEBUG_INFO = NO;
				MTL_FAST_MATH = YES;
				SDKROOT = iphoneos;
				SWIFT_COMPILATION_MODE = wholemodule;
				SWIFT_OPTIMIZATION_LEVEL = "-O";
				VALIDATE_PRODUCT = YES;
			};
			name = Release;
		};
		227AA6E227CE654500B1CA7A /* Debug */ = {
			isa = XCBuildConfiguration;
			baseConfigurationReference = C6D4783B51CCA7974D458E87 /* Pods-WeatherRx.debug.xcconfig */;
			buildSettings = {
				ASSETCATALOG_COMPILER_APPICON_NAME = AppIcon;
				ASSETCATALOG_COMPILER_GLOBAL_ACCENT_COLOR_NAME = AccentColor;
				CODE_SIGN_STYLE = Automatic;
				CURRENT_PROJECT_VERSION = 1;
				DEVELOPMENT_TEAM = 2LVW678G5P;
				GENERATE_INFOPLIST_FILE = YES;
				INFOPLIST_FILE = WeatherRx/Info.plist;
				INFOPLIST_KEY_UIApplicationSupportsIndirectInputEvents = YES;
				INFOPLIST_KEY_UILaunchStoryboardName = LaunchScreen;
				INFOPLIST_KEY_UIMainStoryboardFile = Main;
				INFOPLIST_KEY_UISupportedInterfaceOrientations_iPad = "UIInterfaceOrientationPortrait UIInterfaceOrientationPortraitUpsideDown UIInterfaceOrientationLandscapeLeft UIInterfaceOrientationLandscapeRight";
				INFOPLIST_KEY_UISupportedInterfaceOrientations_iPhone = "UIInterfaceOrientationPortrait UIInterfaceOrientationLandscapeLeft UIInterfaceOrientationLandscapeRight";
				LD_RUNPATH_SEARCH_PATHS = (
					"$(inherited)",
					"@executable_path/Frameworks",
				);
				MARKETING_VERSION = 1.0;
				PRODUCT_BUNDLE_IDENTIFIER = com.saniyetoy.WeatherRx;
				PRODUCT_NAME = "$(TARGET_NAME)";
				SWIFT_EMIT_LOC_STRINGS = YES;
				SWIFT_VERSION = 5.0;
				TARGETED_DEVICE_FAMILY = "1,2";
			};
			name = Debug;
		};
		227AA6E327CE654500B1CA7A /* Release */ = {
			isa = XCBuildConfiguration;
			baseConfigurationReference = 5D23E72C99E332726C968E36 /* Pods-WeatherRx.release.xcconfig */;
			buildSettings = {
				ASSETCATALOG_COMPILER_APPICON_NAME = AppIcon;
				ASSETCATALOG_COMPILER_GLOBAL_ACCENT_COLOR_NAME = AccentColor;
				CODE_SIGN_STYLE = Automatic;
				CURRENT_PROJECT_VERSION = 1;
				DEVELOPMENT_TEAM = 2LVW678G5P;
				GENERATE_INFOPLIST_FILE = YES;
				INFOPLIST_FILE = WeatherRx/Info.plist;
				INFOPLIST_KEY_UIApplicationSupportsIndirectInputEvents = YES;
				INFOPLIST_KEY_UILaunchStoryboardName = LaunchScreen;
				INFOPLIST_KEY_UIMainStoryboardFile = Main;
				INFOPLIST_KEY_UISupportedInterfaceOrientations_iPad = "UIInterfaceOrientationPortrait UIInterfaceOrientationPortraitUpsideDown UIInterfaceOrientationLandscapeLeft UIInterfaceOrientationLandscapeRight";
				INFOPLIST_KEY_UISupportedInterfaceOrientations_iPhone = "UIInterfaceOrientationPortrait UIInterfaceOrientationLandscapeLeft UIInterfaceOrientationLandscapeRight";
				LD_RUNPATH_SEARCH_PATHS = (
					"$(inherited)",
					"@executable_path/Frameworks",
				);
				MARKETING_VERSION = 1.0;
				PRODUCT_BUNDLE_IDENTIFIER = com.saniyetoy.WeatherRx;
				PRODUCT_NAME = "$(TARGET_NAME)";
				SWIFT_EMIT_LOC_STRINGS = YES;
				SWIFT_VERSION = 5.0;
				TARGETED_DEVICE_FAMILY = "1,2";
			};
			name = Release;
		};
/* End XCBuildConfiguration section */

/* Begin XCConfigurationList section */
		227AA6C827CE654400B1CA7A /* Build configuration list for PBXProject "WeatherRx" */ = {
			isa = XCConfigurationList;
			buildConfigurations = (
				227AA6DF27CE654500B1CA7A /* Debug */,
				227AA6E027CE654500B1CA7A /* Release */,
			);
			defaultConfigurationIsVisible = 0;
			defaultConfigurationName = Release;
		};
		227AA6E127CE654500B1CA7A /* Build configuration list for PBXNativeTarget "WeatherRx" */ = {
			isa = XCConfigurationList;
			buildConfigurations = (
				227AA6E227CE654500B1CA7A /* Debug */,
				227AA6E327CE654500B1CA7A /* Release */,
			);
			defaultConfigurationIsVisible = 0;
			defaultConfigurationName = Release;
		};
/* End XCConfigurationList section */
	};
	rootObject = 227AA6C527CE654400B1CA7A /* Project object */;
}
