// !$*UTF8*$!
{
	archiveVersion = 1;
	classes = {
	};
	objectVersion = 55;
	objects = {

/* Begin PBXBuildFile section */
		221CD16327CF4D3E001E13CB /* GridFlowLayout.swift in Sources */ = {isa = PBXBuildFile; fileRef = 221CD16227CF4D3E001E13CB /* GridFlowLayout.swift */; };
		221CD16527CF6F24001E13CB /* Extension.swift in Sources */ = {isa = PBXBuildFile; fileRef = 221CD16427CF6F24001E13CB /* Extension.swift */; };
		221CD16927CF7EF5001E13CB /* DateExtension.swift in Sources */ = {isa = PBXBuildFile; fileRef = 221CD16827CF7EF5001E13CB /* DateExtension.swift */; };
		221CD16B27CFA3F5001E13CB /* Constants.swift in Sources */ = {isa = PBXBuildFile; fileRef = 221CD16A27CFA3F5001E13CB /* Constants.swift */; };
		221D6B8E27D38BB7006F7355 /* Settings.bundle in Resources */ = {isa = PBXBuildFile; fileRef = 221D6B8D27D38BB7006F7355 /* Settings.bundle */; };
		222562B727D0B6F000931B15 /* SplashViewController.swift in Sources */ = {isa = PBXBuildFile; fileRef = 222562B627D0B6F000931B15 /* SplashViewController.swift */; };
		222562B927D0B80500931B15 /* SplashView.swift in Sources */ = {isa = PBXBuildFile; fileRef = 222562B827D0B80500931B15 /* SplashView.swift */; };
		222562BB27D0B82C00931B15 /* SplashViewExtension.swift in Sources */ = {isa = PBXBuildFile; fileRef = 222562BA27D0B82C00931B15 /* SplashViewExtension.swift */; };
		222562BD27D0B86000931B15 /* SplashViewModel.swift in Sources */ = {isa = PBXBuildFile; fileRef = 222562BC27D0B86000931B15 /* SplashViewModel.swift */; };
		222562BF27D0B88C00931B15 /* SplashViewModelImpl.swift in Sources */ = {isa = PBXBuildFile; fileRef = 222562BE27D0B88C00931B15 /* SplashViewModelImpl.swift */; };
		222562C127D0BA1800931B15 /* AppCoordinator.swift in Sources */ = {isa = PBXBuildFile; fileRef = 222562C027D0BA1800931B15 /* AppCoordinator.swift */; };
		227AA6D127CE654400B1CA7A /* AppDelegate.swift in Sources */ = {isa = PBXBuildFile; fileRef = 227AA6D027CE654400B1CA7A /* AppDelegate.swift */; };
		227AA6D327CE654400B1CA7A /* SceneDelegate.swift in Sources */ = {isa = PBXBuildFile; fileRef = 227AA6D227CE654400B1CA7A /* SceneDelegate.swift */; };
		227AA6DA27CE654500B1CA7A /* Assets.xcassets in Resources */ = {isa = PBXBuildFile; fileRef = 227AA6D927CE654500B1CA7A /* Assets.xcassets */; };
		227AA6E827CE671C00B1CA7A /* CityListResponse.swift in Sources */ = {isa = PBXBuildFile; fileRef = 227AA6E727CE671C00B1CA7A /* CityListResponse.swift */; };
		227AA6EA27CE672E00B1CA7A /* CityDetailsResponse.swift in Sources */ = {isa = PBXBuildFile; fileRef = 227AA6E927CE672E00B1CA7A /* CityDetailsResponse.swift */; };
		227AA6EC27CE677D00B1CA7A /* WeatherDetails.swift in Sources */ = {isa = PBXBuildFile; fileRef = 227AA6EB27CE677D00B1CA7A /* WeatherDetails.swift */; };
		227AA6EF27CE67AE00B1CA7A /* ApiEndPoints.swift in Sources */ = {isa = PBXBuildFile; fileRef = 227AA6EE27CE67AE00B1CA7A /* ApiEndPoints.swift */; };
		227AA6F127CE67C400B1CA7A /* ApiConfiguration.swift in Sources */ = {isa = PBXBuildFile; fileRef = 227AA6F027CE67C400B1CA7A /* ApiConfiguration.swift */; };
		227AA6F327CE67D900B1CA7A /* ApiClient.swift in Sources */ = {isa = PBXBuildFile; fileRef = 227AA6F227CE67D900B1CA7A /* ApiClient.swift */; };
		227AA6F627CE67F200B1CA7A /* CityListUseCase.swift in Sources */ = {isa = PBXBuildFile; fileRef = 227AA6F527CE67F200B1CA7A /* CityListUseCase.swift */; };
		227AA6F827CE680100B1CA7A /* CityDetailsUseCase.swift in Sources */ = {isa = PBXBuildFile; fileRef = 227AA6F727CE680100B1CA7A /* CityDetailsUseCase.swift */; };
		227AA6FB27CE69BF00B1CA7A /* CityListView.swift in Sources */ = {isa = PBXBuildFile; fileRef = 227AA6FA27CE69BF00B1CA7A /* CityListView.swift */; };
		227AA6FD27CE69D100B1CA7A /* CityListViewExt.swift in Sources */ = {isa = PBXBuildFile; fileRef = 227AA6FC27CE69D100B1CA7A /* CityListViewExt.swift */; };
		227AA6FF27CE69F000B1CA7A /* CityListViewModel.swift in Sources */ = {isa = PBXBuildFile; fileRef = 227AA6FE27CE69F000B1CA7A /* CityListViewModel.swift */; };
		227AA70127CE6A0B00B1CA7A /* CityListViewModelImpl.swift in Sources */ = {isa = PBXBuildFile; fileRef = 227AA70027CE6A0B00B1CA7A /* CityListViewModelImpl.swift */; };
		227AA70327CE6A2200B1CA7A /* CityListViewController.swift in Sources */ = {isa = PBXBuildFile; fileRef = 227AA70227CE6A2200B1CA7A /* CityListViewController.swift */; };
		227AA70527CE6A3700B1CA7A /* CityListCell.swift in Sources */ = {isa = PBXBuildFile; fileRef = 227AA70427CE6A3700B1CA7A /* CityListCell.swift */; };
		227AA70727CE6A4800B1CA7A /* CityListCellExt.swift in Sources */ = {isa = PBXBuildFile; fileRef = 227AA70627CE6A4800B1CA7A /* CityListCellExt.swift */; };
		227AA70A27CE73EC00B1CA7A /* TransitionExtension.swift in Sources */ = {isa = PBXBuildFile; fileRef = 227AA70927CE73EC00B1CA7A /* TransitionExtension.swift */; };
		227AA70C27CE741500B1CA7A /* ListFlowLayOut.swift in Sources */ = {isa = PBXBuildFile; fileRef = 227AA70B27CE741500B1CA7A /* ListFlowLayOut.swift */; };
		227AA70E27CE745800B1CA7A /* BindableType.swift in Sources */ = {isa = PBXBuildFile; fileRef = 227AA70D27CE745800B1CA7A /* BindableType.swift */; };
		227AA71027CE747A00B1CA7A /* ViewExtension.swift in Sources */ = {isa = PBXBuildFile; fileRef = 227AA70F27CE747A00B1CA7A /* ViewExtension.swift */; };
		227AA71227CE74A100B1CA7A /* AlertHelper.swift in Sources */ = {isa = PBXBuildFile; fileRef = 227AA71127CE74A100B1CA7A /* AlertHelper.swift */; };
		227AA71B27CE8FE400B1CA7A /* CityDetailsView.swift in Sources */ = {isa = PBXBuildFile; fileRef = 227AA71A27CE8FE400B1CA7A /* CityDetailsView.swift */; };
		227AA71D27CE8FF500B1CA7A /* CityDetailsViewExt.swift in Sources */ = {isa = PBXBuildFile; fileRef = 227AA71C27CE8FF500B1CA7A /* CityDetailsViewExt.swift */; };
		227AA71F27CE900800B1CA7A /* CityDetailsViewModel.swift in Sources */ = {isa = PBXBuildFile; fileRef = 227AA71E27CE900800B1CA7A /* CityDetailsViewModel.swift */; };
		227AA72127CE901800B1CA7A /* CityDetailsViewModelImpl.swift in Sources */ = {isa = PBXBuildFile; fileRef = 227AA72027CE901800B1CA7A /* CityDetailsViewModelImpl.swift */; };
		227AA72327CE902A00B1CA7A /* CityDetailsViewController.swift in Sources */ = {isa = PBXBuildFile; fileRef = 227AA72227CE902A00B1CA7A /* CityDetailsViewController.swift */; };
		227AA72527CE903A00B1CA7A /* CityDetailsCell.swift in Sources */ = {isa = PBXBuildFile; fileRef = 227AA72427CE903A00B1CA7A /* CityDetailsCell.swift */; };
		227AA72727CE904900B1CA7A /* CityDetailsCellExt.swift in Sources */ = {isa = PBXBuildFile; fileRef = 227AA72627CE904900B1CA7A /* CityDetailsCellExt.swift */; };
		8A51560F2E7FD301C026A087 /* Pods_WeatherRx.framework in Frameworks */ = {isa = PBXBuildFile; fileRef = 95C40C9922356E2FAAE4071B /* Pods_WeatherRx.framework */; };
/* End PBXBuildFile section */

/* Begin PBXFileReference section */
		221CD16227CF4D3E001E13CB /* GridFlowLayout.swift */ = {isa = PBXFileReference; lastKnownFileType = sourcecode.swift; path = GridFlowLayout.swift; sourceTree = "<group>"; };
		221CD16427CF6F24001E13CB /* Extension.swift */ = {isa = PBXFileReference; lastKnownFileType = sourcecode.swift; path = Extension.swift; sourceTree = "<group>"; };
		221CD16827CF7EF5001E13CB /* DateExtension.swift */ = {isa = PBXFileReference; lastKnownFileType = sourcecode.swift; path = DateExtension.swift; sourceTree = "<group>"; };
		221CD16A27CFA3F5001E13CB /* Constants.swift */ = {isa = PBXFileReference; lastKnownFileType = sourcecode.swift; path = Constants.swift; sourceTree = "<group>"; };
		221D6B8D27D38BB7006F7355 /* Settings.bundle */ = {isa = PBXFileReference; lastKnownFileType = "wrapper.plug-in"; path = Settings.bundle; sourceTree = "<group>"; };
		222562B627D0B6F000931B15 /* SplashViewController.swift */ = {isa = PBXFileReference; lastKnownFileType = sourcecode.swift; path = SplashViewController.swift; sourceTree = "<group>"; };
		222562B827D0B80500931B15 /* SplashView.swift */ = {isa = PBXFileReference; lastKnownFileType = sourcecode.swift; path = SplashView.swift; sourceTree = "<group>"; };
		222562BA27D0B82C00931B15 /* SplashViewExtension.swift */ = {isa = PBXFileReference; lastKnownFileType = sourcecode.swift; path = SplashViewExtension.swift; sourceTree = "<group>"; };
		222562BC27D0B86000931B15 /* SplashViewModel.swift */ = {isa = PBXFileReference; lastKnownFileType = sourcecode.swift; path = SplashViewModel.swift; sourceTree = "<group>"; };
		222562BE27D0B88C00931B15 /* SplashViewModelImpl.swift */ = {isa = PBXFileReference; lastKnownFileType = sourcecode.swift; path = SplashViewModelImpl.swift; sourceTree = "<group>"; };
		222562C027D0BA1800931B15 /* AppCoordinator.swift */ = {isa = PBXFileReference; lastKnownFileType = sourcecode.swift; path = AppCoordinator.swift; sourceTree = "<group>"; };
		227AA6CD27CE654400B1CA7A /* WeatherRx.app */ = {isa = PBXFileReference; explicitFileType = wrapper.application; includeInIndex = 0; path = WeatherRx.app; sourceTree = BUILT_PRODUCTS_DIR; };
		227AA6D027CE654400B1CA7A /* AppDelegate.swift */ = {isa = PBXFileReference; lastKnownFileType = sourcecode.swift; path = AppDelegate.swift; sourceTree = "<group>"; };
		227AA6D227CE654400B1CA7A /* SceneDelegate.swift */ = {isa = PBXFileReference; lastKnownFileType = sourcecode.swift; path = SceneDelegate.swift; sourceTree = "<group>"; };
		227AA6D927CE654500B1CA7A /* Assets.xcassets */ = {isa = PBXFileReference; lastKnownFileType = folder.assetcatalog; path = Assets.xcassets; sourceTree = "<group>"; };
		227AA6DE27CE654500B1CA7A /* Info.plist */ = {isa = PBXFileReference; lastKnownFileType = text.plist.xml; path = Info.plist; sourceTree = "<group>"; };
		227AA6E727CE671C00B1CA7A /* CityListResponse.swift */ = {isa = PBXFileReference; lastKnownFileType = sourcecode.swift; path = CityListResponse.swift; sourceTree = "<group>"; };
		227AA6E927CE672E00B1CA7A /* CityDetailsResponse.swift */ = {isa = PBXFileReference; lastKnownFileType = sourcecode.swift; path = CityDetailsResponse.swift; sourceTree = "<group>"; };
		227AA6EB27CE677D00B1CA7A /* WeatherDetails.swift */ = {isa = PBXFileReference; lastKnownFileType = sourcecode.swift; path = WeatherDetails.swift; sourceTree = "<group>"; };
		227AA6EE27CE67AE00B1CA7A /* ApiEndPoints.swift */ = {isa = PBXFileReference; lastKnownFileType = sourcecode.swift; path = ApiEndPoints.swift; sourceTree = "<group>"; };
		227AA6F027CE67C400B1CA7A /* ApiConfiguration.swift */ = {isa = PBXFileReference; lastKnownFileType = sourcecode.swift; path = ApiConfiguration.swift; sourceTree = "<group>"; };
		227AA6F227CE67D900B1CA7A /* ApiClient.swift */ = {isa = PBXFileReference; lastKnownFileType = sourcecode.swift; path = ApiClient.swift; sourceTree = "<group>"; };
		227AA6F527CE67F200B1CA7A /* CityListUseCase.swift */ = {isa = PBXFileReference; lastKnownFileType = sourcecode.swift; path = CityListUseCase.swift; sourceTree = "<group>"; };
		227AA6F727CE680100B1CA7A /* CityDetailsUseCase.swift */ = {isa = PBXFileReference; lastKnownFileType = sourcecode.swift; path = CityDetailsUseCase.swift; sourceTree = "<group>"; };
		227AA6FA27CE69BF00B1CA7A /* CityListView.swift */ = {isa = PBXFileReference; lastKnownFileType = sourcecode.swift; path = CityListView.swift; sourceTree = "<group>"; };
		227AA6FC27CE69D100B1CA7A /* CityListViewExt.swift */ = {isa = PBXFileReference; lastKnownFileType = sourcecode.swift; path = CityListViewExt.swift; sourceTree = "<group>"; };
		227AA6FE27CE69F000B1CA7A /* CityListViewModel.swift */ = {isa = PBXFileReference; lastKnownFileType = sourcecode.swift; path = CityListViewModel.swift; sourceTree = "<group>"; };
		227AA70027CE6A0B00B1CA7A /* CityListViewModelImpl.swift */ = {isa = PBXFileReference; lastKnownFileType = sourcecode.swift; path = CityListViewModelImpl.swift; sourceTree = "<group>"; };
		227AA70227CE6A2200B1CA7A /* CityListViewController.swift */ = {isa = PBXFileReference; lastKnownFileType = sourcecode.swift; path = CityListViewController.swift; sourceTree = "<group>"; };
		227AA70427CE6A3700B1CA7A /* CityListCell.swift */ = {isa = PBXFileReference; lastKnownFileType = sourcecode.swift; path = CityListCell.swift; sourceTree = "<group>"; };
		227AA70627CE6A4800B1CA7A /* CityListCellExt.swift */ = {isa = PBXFileReference; lastKnownFileType = sourcecode.swift; path = CityListCellExt.swift; sourceTree = "<group>"; };
		227AA70927CE73EC00B1CA7A /* TransitionExtension.swift */ = {isa = PBXFileReference; lastKnownFileType = sourcecode.swift; path = TransitionExtension.swift; sourceTree = "<group>"; };
		227AA70B27CE741500B1CA7A /* ListFlowLayOut.swift */ = {isa = PBXFileReference; lastKnownFileType = sourcecode.swift; path = ListFlowLayOut.swift; sourceTree = "<group>"; };
		227AA70D27CE745800B1CA7A /* BindableType.swift */ = {isa = PBXFileReference; lastKnownFileType = sourcecode.swift; path = BindableType.swift; sourceTree = "<group>"; };
		227AA70F27CE747A00B1CA7A /* ViewExtension.swift */ = {isa = PBXFileReference; lastKnownFileType = sourcecode.swift; path = ViewExtension.swift; sourceTree = "<group>"; };
		227AA71127CE74A100B1CA7A /* AlertHelper.swift */ = {isa = PBXFileReference; lastKnownFileType = sourcecode.swift; path = AlertHelper.swift; sourceTree = "<group>"; };
		227AA71A27CE8FE400B1CA7A /* CityDetailsView.swift */ = {isa = PBXFileReference; lastKnownFileType = sourcecode.swift; path = CityDetailsView.swift; sourceTree = "<group>"; };
		227AA71C27CE8FF500B1CA7A /* CityDetailsViewExt.swift */ = {isa = PBXFileReference; lastKnownFileType = sourcecode.swift; path = CityDetailsViewExt.swift; sourceTree = "<group>"; };
		227AA71E27CE900800B1CA7A /* CityDetailsViewModel.swift */ = {isa = PBXFileReference; lastKnownFileType = sourcecode.swift; path = CityDetailsViewModel.swift; sourceTree = "<group>"; };
		227AA72027CE901800B1CA7A /* CityDetailsViewModelImpl.swift */ = {isa = PBXFileReference; lastKnownFileType = sourcecode.swift; path = CityDetailsViewModelImpl.swift; sourceTree = "<group>"; };
		227AA72227CE902A00B1CA7A /* CityDetailsViewController.swift */ = {isa = PBXFileReference; lastKnownFileType = sourcecode.swift; path = CityDetailsViewController.swift; sourceTree = "<group>"; };
		227AA72427CE903A00B1CA7A /* CityDetailsCell.swift */ = {isa = PBXFileReference; lastKnownFileType = sourcecode.swift; path = CityDetailsCell.swift; sourceTree = "<group>"; };
		227AA72627CE904900B1CA7A /* CityDetailsCellExt.swift */ = {isa = PBXFileReference; lastKnownFileType = sourcecode.swift; path = CityDetailsCellExt.swift; sourceTree = "<group>"; };
		5D23E72C99E332726C968E36 /* Pods-WeatherRx.release.xcconfig */ = {isa = PBXFileReference; includeInIndex = 1; lastKnownFileType = text.xcconfig; name = "Pods-WeatherRx.release.xcconfig"; path = "Target Support Files/Pods-WeatherRx/Pods-WeatherRx.release.xcconfig"; sourceTree = "<group>"; };
		95C40C9922356E2FAAE4071B /* Pods_WeatherRx.framework */ = {isa = PBXFileReference; explicitFileType = wrapper.framework; includeInIndex = 0; path = Pods_WeatherRx.framework; sourceTree = BUILT_PRODUCTS_DIR; };
		C6D4783B51CCA7974D458E87 /* Pods-WeatherRx.debug.xcconfig */ = {isa = PBXFileReference; includeInIndex = 1; lastKnownFileType = text.xcconfig; name = "Pods-WeatherRx.debug.xcconfig"; path = "Target Support Files/Pods-WeatherRx/Pods-WeatherRx.debug.xcconfig"; sourceTree = "<group>"; };
/* End PBXFileReference section */

/* Begin PBXFrameworksBuildPhase section */
		227AA6CA27CE654400B1CA7A /* Frameworks */ = {
			isa = PBXFrameworksBuildPhase;
			buildActionMask = 2147483647;
			files = (
				8A51560F2E7FD301C026A087 /* Pods_WeatherRx.framework in Frameworks */,
			);
			runOnlyForDeploymentPostprocessing = 0;
		};
/* End PBXFrameworksBuildPhase section */

/* Begin PBXGroup section */
		222562B527D0B6D600931B15 /* Splash */ = {
			isa = PBXGroup;
			children = (
				222562B627D0B6F000931B15 /* SplashViewController.swift */,
				222562B827D0B80500931B15 /* SplashView.swift */,
				222562BA27D0B82C00931B15 /* SplashViewExtension.swift */,
				222562BC27D0B86000931B15 /* SplashViewModel.swift */,
				222562BE27D0B88C00931B15 /* SplashViewModelImpl.swift */,
			);
			path = Splash;
			sourceTree = "<group>";
		};
		227AA6C427CE654400B1CA7A = {
			isa = PBXGroup;
			children = (
				221D6B8D27D38BB7006F7355 /* Settings.bundle */,
				227AA6CF27CE654400B1CA7A /* WeatherRx */,
				227AA6CE27CE654400B1CA7A /* Products */,
				403E22DC815F348E9BBF8883 /* Pods */,
				46FF40EDE8F76551DEF82A7F /* Frameworks */,
			);
			sourceTree = "<group>";
		};
		227AA6CE27CE654400B1CA7A /* Products */ = {
			isa = PBXGroup;
			children = (
				227AA6CD27CE654400B1CA7A /* WeatherRx.app */,
			);
			name = Products;
			sourceTree = "<group>";
		};
		227AA6CF27CE654400B1CA7A /* WeatherRx */ = {
			isa = PBXGroup;
			children = (
				227AA71827CE8FAB00B1CA7A /* Presentation */,
				227AA71327CE7DE900B1CA7A /* Coordinator */,
				227AA70827CE73D600B1CA7A /* Util */,
				227AA6E427CE66E400B1CA7A /* Data */,
				227AA6F427CE67DC00B1CA7A /* Domain */,
				227AA6ED27CE679600B1CA7A /* Network */,
				227AA6D027CE654400B1CA7A /* AppDelegate.swift */,
				227AA6D227CE654400B1CA7A /* SceneDelegate.swift */,
				227AA6D927CE654500B1CA7A /* Assets.xcassets */,
				227AA6DE27CE654500B1CA7A /* Info.plist */,
			);
			path = WeatherRx;
			sourceTree = "<group>";
		};
		227AA6E427CE66E400B1CA7A /* Data */ = {
			isa = PBXGroup;
			children = (
				227AA6E627CE670200B1CA7A /* Data */,
				227AA6E527CE66F600B1CA7A /* Entities */,
			);
			path = Data;
			sourceTree = "<group>";
		};
		227AA6E527CE66F600B1CA7A /* Entities */ = {
			isa = PBXGroup;
			children = (
				227AA6EB27CE677D00B1CA7A /* WeatherDetails.swift */,
			);
			path = Entities;
			sourceTree = "<group>";
		};
		227AA6E627CE670200B1CA7A /* Data */ = {
			isa = PBXGroup;
			children = (
				227AA6E727CE671C00B1CA7A /* CityListResponse.swift */,
				227AA6E927CE672E00B1CA7A /* CityDetailsResponse.swift */,
			);
			path = Data;
			sourceTree = "<group>";
		};
		227AA6ED27CE679600B1CA7A /* Network */ = {
			isa = PBXGroup;
			children = (
				227AA6EE27CE67AE00B1CA7A /* ApiEndPoints.swift */,
				227AA6F027CE67C400B1CA7A /* ApiConfiguration.swift */,
				227AA6F227CE67D900B1CA7A /* ApiClient.swift */,
			);
			path = Network;
			sourceTree = "<group>";
		};
		227AA6F427CE67DC00B1CA7A /* Domain */ = {
			isa = PBXGroup;
			children = (
				227AA6F527CE67F200B1CA7A /* CityListUseCase.swift */,
				227AA6F727CE680100B1CA7A /* CityDetailsUseCase.swift */,
			);
			path = Domain;
			sourceTree = "<group>";
		};
		227AA6F927CE68F300B1CA7A /* CityList */ = {
			isa = PBXGroup;
			children = (
				227AA6FA27CE69BF00B1CA7A /* CityListView.swift */,
				227AA6FC27CE69D100B1CA7A /* CityListViewExt.swift */,
				227AA6FE27CE69F000B1CA7A /* CityListViewModel.swift */,
				227AA70027CE6A0B00B1CA7A /* CityListViewModelImpl.swift */,
				227AA70227CE6A2200B1CA7A /* CityListViewController.swift */,
				227AA70427CE6A3700B1CA7A /* CityListCell.swift */,
				227AA70627CE6A4800B1CA7A /* CityListCellExt.swift */,
			);
			path = CityList;
			sourceTree = "<group>";
		};
		227AA70827CE73D600B1CA7A /* Util */ = {
			isa = PBXGroup;
			children = (
				227AA70927CE73EC00B1CA7A /* TransitionExtension.swift */,
				227AA70B27CE741500B1CA7A /* ListFlowLayOut.swift */,
				227AA70D27CE745800B1CA7A /* BindableType.swift */,
				227AA70F27CE747A00B1CA7A /* ViewExtension.swift */,
				227AA71127CE74A100B1CA7A /* AlertHelper.swift */,
				221CD16227CF4D3E001E13CB /* GridFlowLayout.swift */,
				221CD16427CF6F24001E13CB /* Extension.swift */,
				221CD16827CF7EF5001E13CB /* DateExtension.swift */,
				221CD16A27CFA3F5001E13CB /* Constants.swift */,
			);
			path = Util;
			sourceTree = "<group>";
		};
		227AA71327CE7DE900B1CA7A /* Coordinator */ = {
			isa = PBXGroup;
			children = (
				222562C027D0BA1800931B15 /* AppCoordinator.swift */,
			);
			path = Coordinator;
			sourceTree = "<group>";
		};
		227AA71827CE8FAB00B1CA7A /* Presentation */ = {
			isa = PBXGroup;
			children = (
				222562B527D0B6D600931B15 /* Splash */,
				227AA6F927CE68F300B1CA7A /* CityList */,
				227AA71927CE8FBA00B1CA7A /* CityDetails */,
			);
			path = Presentation;
			sourceTree = "<group>";
		};
		227AA71927CE8FBA00B1CA7A /* CityDetails */ = {
			isa = PBXGroup;
			children = (
				227AA71A27CE8FE400B1CA7A /* CityDetailsView.swift */,
				227AA71C27CE8FF500B1CA7A /* CityDetailsViewExt.swift */,
				227AA71E27CE900800B1CA7A /* CityDetailsViewModel.swift */,
				227AA72027CE901800B1CA7A /* CityDetailsViewModelImpl.swift */,
				227AA72227CE902A00B1CA7A /* CityDetailsViewController.swift */,
				227AA72427CE903A00B1CA7A /* CityDetailsCell.swift */,
				227AA72627CE904900B1CA7A /* CityDetailsCellExt.swift */,
			);
			path = CityDetails;
			sourceTree = "<group>";
		};
		403E22DC815F348E9BBF8883 /* Pods */ = {
			isa = PBXGroup;
			children = (
				C6D4783B51CCA7974D458E87 /* Pods-WeatherRx.debug.xcconfig */,
				5D23E72C99E332726C968E36 /* Pods-WeatherRx.release.xcconfig */,
			);
			path = Pods;
			sourceTree = "<group>";
		};
		46FF40EDE8F76551DEF82A7F /* Frameworks */ = {
			isa = PBXGroup;
			children = (
				95C40C9922356E2FAAE4071B /* Pods_WeatherRx.framework */,
			);
			name = Frameworks;
			sourceTree = "<group>";
		};
/* End PBXGroup section */

/* Begin PBXNativeTarget section */
		227AA6CC27CE654400B1CA7A /* WeatherRx */ = {
			isa = PBXNativeTarget;
			buildConfigurationList = 227AA6E127CE654500B1CA7A /* Build configuration list for PBXNativeTarget "WeatherRx" */;
			buildPhases = (
				7A3058D69F8DD4EA7F41F917 /* [CP] Check Pods Manifest.lock */,
				227AA6C927CE654400B1CA7A /* Sources */,
				227AA6CA27CE654400B1CA7A /* Frameworks */,
				227AA6CB27CE654400B1CA7A /* Resources */,
				AE2550DE7658089FBE3DECA2 /* [CP] Embed Pods Frameworks */,
			);
			buildRules = (
			);
			dependencies = (
			);
			name = WeatherRx;
			productName = WeatherRx;
			productReference = 227AA6CD27CE654400B1CA7A /* WeatherRx.app */;
			productType = "com.apple.product-type.application";
		};
/* End PBXNativeTarget section */

/* Begin PBXProject section */
		227AA6C527CE654400B1CA7A /* Project object */ = {
			isa = PBXProject;
			attributes = {
				BuildIndependentTargetsInParallel = 1;
				LastSwiftUpdateCheck = 1320;
				LastUpgradeCheck = 1320;
				TargetAttributes = {
					227AA6CC27CE654400B1CA7A = {
						CreatedOnToolsVersion = 13.2.1;
					};
				};
			};
			buildConfigurationList = 227AA6C827CE654400B1CA7A /* Build configuration list for PBXProject "WeatherRx" */;
			compatibilityVersion = "Xcode 13.0";
			developmentRegion = en;
			hasScannedForEncodings = 0;
			knownRegions = (
				en,
				Base,
			);
			mainGroup = 227AA6C427CE654400B1CA7A;
			productRefGroup = 227AA6CE27CE654400B1CA7A /* Products */;
			projectDirPath = "";
			projectRoot = "";
			targets = (
				227AA6CC27CE654400B1CA7A /* WeatherRx */,
			);
		};
/* End PBXProject section */

/* Begin PBXResourcesBuildPhase section */
		227AA6CB27CE654400B1CA7A /* Resources */ = {
			isa = PBXResourcesBuildPhase;
			buildActionMask = 2147483647;
			files = (
				221D6B8E27D38BB7006F7355 /* Settings.bundle in Resources */,
				227AA6DA27CE654500B1CA7A /* Assets.xcassets in Resources */,
			);
			runOnlyForDeploymentPostprocessing = 0;
		};
/* End PBXResourcesBuildPhase section */

/* Begin PBXShellScriptBuildPhase section */
		7A3058D69F8DD4EA7F41F917 /* [CP] Check Pods Manifest.lock */ = {
			isa = PBXShellScriptBuildPhase;
			buildActionMask = 2147483647;
			files = (
			);
			inputFileListPaths = (
			);
			inputPaths = (
				"${PODS_PODFILE_DIR_PATH}/Podfile.lock",
				"${PODS_ROOT}/Manifest.lock",
			);
			name = "[CP] Check Pods Manifest.lock";
			outputFileListPaths = (
			);
			outputPaths = (
				"$(DERIVED_FILE_DIR)/Pods-WeatherRx-checkManifestLockResult.txt",
			);
			runOnlyForDeploymentPostprocessing = 0;
			shellPath = /bin/sh;
			shellScript = "diff \"${PODS_PODFILE_DIR_PATH}/Podfile.lock\" \"${PODS_ROOT}/Manifest.lock\" > /dev/null\nif [ $? != 0 ] ; then\n    # print error to STDERR\n    echo \"error: The sandbox is not in sync with the Podfile.lock. Run 'pod install' or update your CocoaPods installation.\" >&2\n    exit 1\nfi\n# This output is used by Xcode 'outputs' to avoid re-running this script phase.\necho \"SUCCESS\" > \"${SCRIPT_OUTPUT_FILE_0}\"\n";
			showEnvVarsInLog = 0;
		};
		AE2550DE7658089FBE3DECA2 /* [CP] Embed Pods Frameworks */ = {
			isa = PBXShellScriptBuildPhase;
			buildActionMask = 2147483647;
			files = (
			);
			inputFileListPaths = (
				"${PODS_ROOT}/Target Support Files/Pods-WeatherRx/Pods-WeatherRx-frameworks-${CONFIGURATION}-input-files.xcfilelist",
			);
			name = "[CP] Embed Pods Frameworks";
			outputFileListPaths = (
				"${PODS_ROOT}/Target Support Files/Pods-WeatherRx/Pods-WeatherRx-frameworks-${CONFIGURATION}-output-files.xcfilelist",
			);
			runOnlyForDeploymentPostprocessing = 0;
			shellPath = /bin/sh;
			shellScript = "\"${PODS_ROOT}/Target Support Files/Pods-WeatherRx/Pods-WeatherRx-frameworks.sh\"\n";
			showEnvVarsInLog = 0;
		};
/* End PBXShellScriptBuildPhase section */

/* Begin PBXSourcesBuildPhase section */
		227AA6C927CE654400B1CA7A /* Sources */ = {
			isa = PBXSourcesBuildPhase;
			buildActionMask = 2147483647;
			files = (
				227AA70527CE6A3700B1CA7A /* CityListCell.swift in Sources */,
				222562BD27D0B86000931B15 /* SplashViewModel.swift in Sources */,
				221CD16B27CFA3F5001E13CB /* Constants.swift in Sources */,
				227AA6EA27CE672E00B1CA7A /* CityDetailsResponse.swift in Sources */,
				227AA6FF27CE69F000B1CA7A /* CityListViewModel.swift in Sources */,
				227AA71227CE74A100B1CA7A /* AlertHelper.swift in Sources */,
				227AA6FD27CE69D100B1CA7A /* CityListViewExt.swift in Sources */,
				227AA6F627CE67F200B1CA7A /* CityListUseCase.swift in Sources */,
				221CD16327CF4D3E001E13CB /* GridFlowLayout.swift in Sources */,
				221CD16527CF6F24001E13CB /* Extension.swift in Sources */,
				227AA71027CE747A00B1CA7A /* ViewExtension.swift in Sources */,
				227AA72527CE903A00B1CA7A /* CityDetailsCell.swift in Sources */,
				222562C127D0BA1800931B15 /* AppCoordinator.swift in Sources */,
				227AA70127CE6A0B00B1CA7A /* CityListViewModelImpl.swift in Sources */,
				227AA72127CE901800B1CA7A /* CityDetailsViewModelImpl.swift in Sources */,
				227AA6F827CE680100B1CA7A /* CityDetailsUseCase.swift in Sources */,
				227AA72727CE904900B1CA7A /* CityDetailsCellExt.swift in Sources */,
				227AA6F327CE67D900B1CA7A /* ApiClient.swift in Sources */,
				227AA70C27CE741500B1CA7A /* ListFlowLayOut.swift in Sources */,
				222562B927D0B80500931B15 /* SplashView.swift in Sources */,
				227AA70E27CE745800B1CA7A /* BindableType.swift in Sources */,
				222562B727D0B6F000931B15 /* SplashViewController.swift in Sources */,
				227AA6EF27CE67AE00B1CA7A /* ApiEndPoints.swift in Sources */,
				227AA6F127CE67C400B1CA7A /* ApiConfiguration.swift in Sources */,
				227AA6E827CE671C00B1CA7A /* CityListResponse.swift in Sources */,
				227AA70327CE6A2200B1CA7A /* CityListViewController.swift in Sources */,
				227AA6EC27CE677D00B1CA7A /* WeatherDetails.swift in Sources */,
				227AA71F27CE900800B1CA7A /* CityDetailsViewModel.swift in Sources */,
				227AA71B27CE8FE400B1CA7A /* CityDetailsView.swift in Sources */,
				227AA6FB27CE69BF00B1CA7A /* CityListView.swift in Sources */,
				227AA6D127CE654400B1CA7A /* AppDelegate.swift in Sources */,
				222562BF27D0B88C00931B15 /* SplashViewModelImpl.swift in Sources */,
				227AA70727CE6A4800B1CA7A /* CityListCellExt.swift in Sources */,
				221CD16927CF7EF5001E13CB /* DateExtension.swift in Sources */,
				227AA72327CE902A00B1CA7A /* CityDetailsViewController.swift in Sources */,
				227AA71D27CE8FF500B1CA7A /* CityDetailsViewExt.swift in Sources */,
				222562BB27D0B82C00931B15 /* SplashViewExtension.swift in Sources */,
				227AA70A27CE73EC00B1CA7A /* TransitionExtension.swift in Sources */,
				227AA6D327CE654400B1CA7A /* SceneDelegate.swift in Sources */,
			);
			runOnlyForDeploymentPostprocessing = 0;
		};
/* End PBXSourcesBuildPhase section */

/* Begin XCBuildConfiguration section */
		227AA6DF27CE654500B1CA7A /* Debug */ = {
			isa = XCBuildConfiguration;
			buildSettings = {
				ALWAYS_SEARCH_USER_PATHS = NO;
				CLANG_ANALYZER_NONNULL = YES;
				CLANG_ANALYZER_NUMBER_OBJECT_CONVERSION = YES_AGGRESSIVE;
				CLANG_CXX_LANGUAGE_STANDARD = "gnu++17";
				CLANG_CXX_LIBRARY = "libc++";
				CLANG_ENABLE_MODULES = YES;
				CLANG_ENABLE_OBJC_ARC = YES;
				CLANG_ENABLE_OBJC_WEAK = YES;
				CLANG_WARN_BLOCK_CAPTURE_AUTORELEASING = YES;
				CLANG_WARN_BOOL_CONVERSION = YES;
				CLANG_WARN_COMMA = YES;
				CLANG_WARN_CONSTANT_CONVERSION = YES;
				CLANG_WARN_DEPRECATED_OBJC_IMPLEMENTATIONS = YES;
				CLANG_WARN_DIRECT_OBJC_ISA_USAGE = YES_ERROR;
				CLANG_WARN_DOCUMENTATION_COMMENTS = YES;
				CLANG_WARN_EMPTY_BODY = YES;
				CLANG_WARN_ENUM_CONVERSION = YES;
				CLANG_WARN_INFINITE_RECURSION = YES;
				CLANG_WARN_INT_CONVERSION = YES;
				CLANG_WARN_NON_LITERAL_NULL_CONVERSION = YES;
				CLANG_WARN_OBJC_IMPLICIT_RETAIN_SELF = YES;
				CLANG_WARN_OBJC_LITERAL_CONVERSION = YES;
				CLANG_WARN_OBJC_ROOT_CLASS = YES_ERROR;
				CLANG_WARN_QUOTED_INCLUDE_IN_FRAMEWORK_HEADER = YES;
				CLANG_WARN_RANGE_LOOP_ANALYSIS = YES;
				CLANG_WARN_STRICT_PROTOTYPES = YES;
				CLANG_WARN_SUSPICIOUS_MOVE = YES;
				CLANG_WARN_UNGUARDED_AVAILABILITY = YES_AGGRESSIVE;
				CLANG_WARN_UNREACHABLE_CODE = YES;
				CLANG_WARN__DUPLICATE_METHOD_MATCH = YES;
				COPY_PHASE_STRIP = NO;
				DEBUG_INFORMATION_FORMAT = dwarf;
				ENABLE_STRICT_OBJC_MSGSEND = YES;
				ENABLE_TESTABILITY = YES;
				GCC_C_LANGUAGE_STANDARD = gnu11;
				GCC_DYNAMIC_NO_PIC = NO;
				GCC_NO_COMMON_BLOCKS = YES;
				GCC_OPTIMIZATION_LEVEL = 0;
				GCC_PREPROCESSOR_DEFINITIONS = (
					"DEBUG=1",
					"$(inherited)",
				);
				GCC_WARN_64_TO_32_BIT_CONVERSION = YES;
				GCC_WARN_ABOUT_RETURN_TYPE = YES_ERROR;
				GCC_WARN_UNDECLARED_SELECTOR = YES;
				GCC_WARN_UNINITIALIZED_AUTOS = YES_AGGRESSIVE;
				GCC_WARN_UNUSED_FUNCTION = YES;
				GCC_WARN_UNUSED_VARIABLE = YES;
				IPHONEOS_DEPLOYMENT_TARGET = 15.2;
				MTL_ENABLE_DEBUG_INFO = INCLUDE_SOURCE;
				MTL_FAST_MATH = YES;
				ONLY_ACTIVE_ARCH = YES;
				SDKROOT = iphoneos;
				SWIFT_ACTIVE_COMPILATION_CONDITIONS = DEBUG;
				SWIFT_OPTIMIZATION_LEVEL = "-Onone";
			};
			name = Debug;
		};
		227AA6E027CE654500B1CA7A /* Release */ = {
			isa = XCBuildConfiguration;
			buildSettings = {
				ALWAYS_SEARCH_USER_PATHS = NO;
				CLANG_ANALYZER_NONNULL = YES;
				CLANG_ANALYZER_NUMBER_OBJECT_CONVERSION = YES_AGGRESSIVE;
				CLANG_CXX_LANGUAGE_STANDARD = "gnu++17";
				CLANG_CXX_LIBRARY = "libc++";
				CLANG_ENABLE_MODULES = YES;
				CLANG_ENABLE_OBJC_ARC = YES;
				CLANG_ENABLE_OBJC_WEAK = YES;
				CLANG_WARN_BLOCK_CAPTURE_AUTORELEASING = YES;
				CLANG_WARN_BOOL_CONVERSION = YES;
				CLANG_WARN_COMMA = YES;
				CLANG_WARN_CONSTANT_CONVERSION = YES;
				CLANG_WARN_DEPRECATED_OBJC_IMPLEMENTATIONS = YES;
				CLANG_WARN_DIRECT_OBJC_ISA_USAGE = YES_ERROR;
				CLANG_WARN_DOCUMENTATION_COMMENTS = YES;
				CLANG_WARN_EMPTY_BODY = YES;
				CLANG_WARN_ENUM_CONVERSION = YES;
				CLANG_WARN_INFINITE_RECURSION = YES;
				CLANG_WARN_INT_CONVERSION = YES;
				CLANG_WARN_NON_LITERAL_NULL_CONVERSION = YES;
				CLANG_WARN_OBJC_IMPLICIT_RETAIN_SELF = YES;
				CLANG_WARN_OBJC_LITERAL_CONVERSION = YES;
				CLANG_WARN_OBJC_ROOT_CLASS = YES_ERROR;
				CLANG_WARN_QUOTED_INCLUDE_IN_FRAMEWORK_HEADER = YES;
				CLANG_WARN_RANGE_LOOP_ANALYSIS = YES;
				CLANG_WARN_STRICT_PROTOTYPES = YES;
				CLANG_WARN_SUSPICIOUS_MOVE = YES;
				CLANG_WARN_UNGUARDED_AVAILABILITY = YES_AGGRESSIVE;
				CLANG_WARN_UNREACHABLE_CODE = YES;
				CLANG_WARN__DUPLICATE_METHOD_MATCH = YES;
				COPY_PHASE_STRIP = NO;
				DEBUG_INFORMATION_FORMAT = "dwarf-with-dsym";
				ENABLE_NS_ASSERTIONS = NO;
				ENABLE_STRICT_OBJC_MSGSEND = YES;
				GCC_C_LANGUAGE_STANDARD = gnu11;
				GCC_NO_COMMON_BLOCKS = YES;
				GCC_WARN_64_TO_32_BIT_CONVERSION = YES;
				GCC_WARN_ABOUT_RETURN_TYPE = YES_ERROR;
				GCC_WARN_UNDECLARED_SELECTOR = YES;
				GCC_WARN_UNINITIALIZED_AUTOS = YES_AGGRESSIVE;
				GCC_WARN_UNUSED_FUNCTION = YES;
				GCC_WARN_UNUSED_VARIABLE = YES;
				IPHONEOS_DEPLOYMENT_TARGET = 15.2;
				MTL_ENABLE_DEBUG_INFO = NO;
				MTL_FAST_MATH = YES;
				SDKROOT = iphoneos;
				SWIFT_COMPILATION_MODE = wholemodule;
				SWIFT_OPTIMIZATION_LEVEL = "-O";
				VALIDATE_PRODUCT = YES;
			};
			name = Release;
		};
		227AA6E227CE654500B1CA7A /* Debug */ = {
			isa = XCBuildConfiguration;
			baseConfigurationReference = C6D4783B51CCA7974D458E87 /* Pods-WeatherRx.debug.xcconfig */;
			buildSettings = {
				ASSETCATALOG_COMPILER_APPICON_NAME = AppIcon;
				ASSETCATALOG_COMPILER_GLOBAL_ACCENT_COLOR_NAME = AccentColor;
				CODE_SIGN_STYLE = Automatic;
				CURRENT_PROJECT_VERSION = 1;
				DEVELOPMENT_TEAM = 2LVW678G5P;
				GENERATE_INFOPLIST_FILE = YES;
				INFOPLIST_FILE = WeatherRx/Info.plist;
				INFOPLIST_KEY_UIApplicationSupportsIndirectInputEvents = YES;
				INFOPLIST_KEY_UILaunchStoryboardName = LaunchScreen;
				INFOPLIST_KEY_UISupportedInterfaceOrientations_iPad = "UIInterfaceOrientationPortrait UIInterfaceOrientationPortraitUpsideDown UIInterfaceOrientationLandscapeLeft UIInterfaceOrientationLandscapeRight";
				INFOPLIST_KEY_UISupportedInterfaceOrientations_iPhone = "UIInterfaceOrientationPortrait UIInterfaceOrientationLandscapeLeft UIInterfaceOrientationLandscapeRight";
				LD_RUNPATH_SEARCH_PATHS = (
					"$(inherited)",
					"@executable_path/Frameworks",
				);
				MARKETING_VERSION = 1.0;
				PRODUCT_BUNDLE_IDENTIFIER = com.saniyetoy.WeatherRx;
				PRODUCT_NAME = "$(TARGET_NAME)";
				SWIFT_EMIT_LOC_STRINGS = YES;
				SWIFT_VERSION = 5.0;
				TARGETED_DEVICE_FAMILY = "1,2";
			};
			name = Debug;
		};
		227AA6E327CE654500B1CA7A /* Release */ = {
			isa = XCBuildConfiguration;
			baseConfigurationReference = 5D23E72C99E332726C968E36 /* Pods-WeatherRx.release.xcconfig */;
			buildSettings = {
				ASSETCATALOG_COMPILER_APPICON_NAME = AppIcon;
				ASSETCATALOG_COMPILER_GLOBAL_ACCENT_COLOR_NAME = AccentColor;
				CODE_SIGN_STYLE = Automatic;
				CURRENT_PROJECT_VERSION = 1;
				DEVELOPMENT_TEAM = 2LVW678G5P;
				GENERATE_INFOPLIST_FILE = YES;
				INFOPLIST_FILE = WeatherRx/Info.plist;
				INFOPLIST_KEY_UIApplicationSupportsIndirectInputEvents = YES;
				INFOPLIST_KEY_UILaunchStoryboardName = LaunchScreen;
				INFOPLIST_KEY_UISupportedInterfaceOrientations_iPad = "UIInterfaceOrientationPortrait UIInterfaceOrientationPortraitUpsideDown UIInterfaceOrientationLandscapeLeft UIInterfaceOrientationLandscapeRight";
				INFOPLIST_KEY_UISupportedInterfaceOrientations_iPhone = "UIInterfaceOrientationPortrait UIInterfaceOrientationLandscapeLeft UIInterfaceOrientationLandscapeRight";
				LD_RUNPATH_SEARCH_PATHS = (
					"$(inherited)",
					"@executable_path/Frameworks",
				);
				MARKETING_VERSION = 1.0;
				PRODUCT_BUNDLE_IDENTIFIER = com.saniyetoy.WeatherRx;
				PRODUCT_NAME = "$(TARGET_NAME)";
				SWIFT_EMIT_LOC_STRINGS = YES;
				SWIFT_VERSION = 5.0;
				TARGETED_DEVICE_FAMILY = "1,2";
			};
			name = Release;
		};
/* End XCBuildConfiguration section */

/* Begin XCConfigurationList section */
		227AA6C827CE654400B1CA7A /* Build configuration list for PBXProject "WeatherRx" */ = {
			isa = XCConfigurationList;
			buildConfigurations = (
				227AA6DF27CE654500B1CA7A /* Debug */,
				227AA6E027CE654500B1CA7A /* Release */,
			);
			defaultConfigurationIsVisible = 0;
			defaultConfigurationName = Release;
		};
		227AA6E127CE654500B1CA7A /* Build configuration list for PBXNativeTarget "WeatherRx" */ = {
			isa = XCConfigurationList;
			buildConfigurations = (
				227AA6E227CE654500B1CA7A /* Debug */,
				227AA6E327CE654500B1CA7A /* Release */,
			);
			defaultConfigurationIsVisible = 0;
			defaultConfigurationName = Release;
		};
/* End XCConfigurationList section */
	};
	rootObject = 227AA6C527CE654400B1CA7A /* Project object */;
}
